
Microsoft Visual Studio Solution File, Format Version 12.00
# Visual Studio 15
VisualStudioVersion = 15.0.27703.2047
MinimumVisualStudioVersion = 10.0.40219.1
Project("{8BC9CEB8-8B4A-11D0-8D11-00A0C91BC942}") = "UDP_Send", "UDP_Send\UDP_Send.vcxproj", "{8FD0138A-572D-4C56-B1A1-D8E348954513}"
EndProject
Global
	GlobalSection(SolutionConfigurationPlatforms) = preSolution
		Debug|x64 = Debug|x64
		Debug|x86 = Debug|x86
		Release|x64 = Release|x64
		Release|x86 = Release|x86
	EndGlobalSection
	GlobalSection(ProjectConfigurationPlatforms) = postSolution
		{8FD0138A-572D-4C56-B1A1-D8E348954513}.Debug|x64.ActiveCfg = Debug|x64
		{8FD0138A-572D-4C56-B1A1-D8E348954513}.Debug|x64.Build.0 = Debug|x64
		{8FD0138A-572D-4C56-B1A1-D8E348954513}.Debug|x86.ActiveCfg = Debug|Win32
		{8FD0138A-572D-4C56-B1A1-D8E348954513}.Debug|x86.Build.0 = Debug|Win32
		{8FD0138A-572D-4C56-B1A1-D8E348954513}.Release|x64.ActiveCfg = Release|x64
		{8FD0138A-572D-4C56-B1A1-D8E348954513}.Release|x64.Build.0 = Release|x64
		{8FD0138A-572D-4C56-B1A1-D8E348954513}.Release|x86.ActiveCfg = Release|Win32
		{8FD0138A-572D-4C56-B1A1-D8E348954513}.Release|x86.Build.0 = Release|Win32
	EndGlobalSection
	GlobalSection(SolutionProperties) = preSolution
		HideSolutionNode = FALSE
	EndGlobalSection
	GlobalSection(ExtensibilityGlobals) = postSolution
		SolutionGuid = {2394BA02-FD7E-48C9-81B7-93780EB3B04B}
	EndGlobalSection
EndGlobal
